
Microsoft Visual Studio Solution File, Format Version 12.00
# Visual Studio 15
VisualStudioVersion = 15.0.27703.2042
MinimumVisualStudioVersion = 10.0.40219.1
Project("{FAE04EC0-301F-11D3-BF4B-00C04F79EFBC}") = "CommonLib", "CommonLib\CommonLib.csproj", "{B225FFF9-F5BF-4C58-9F25-75FDB304ECB7}"
EndProject
Project("{FAE04EC0-301F-11D3-BF4B-00C04F79EFBC}") = "EditorLib", "EditorLib\EditorLib.csproj", "{F96FE895-FD3B-4EA0-B4B1-5DA85A66D1B3}"
EndProject
Project("{FAE04EC0-301F-11D3-BF4B-00C04F79EFBC}") = "RuntimeLib", "RuntimeLib\RuntimeLib.csproj", "{969AD24C-F85C-40BD-91A0-466B01E6C1B4}"
EndProject
Global
	GlobalSection(SolutionConfigurationPlatforms) = preSolution
		Debug|Any CPU = Debug|Any CPU
		Release|Any CPU = Release|Any CPU
	EndGlobalSection
	GlobalSection(ProjectConfigurationPlatforms) = postSolution
		{B225FFF9-F5BF-4C58-9F25-75FDB304ECB7}.Debug|Any CPU.ActiveCfg = Debug|Any CPU
		{B225FFF9-F5BF-4C58-9F25-75FDB304ECB7}.Debug|Any CPU.Build.0 = Debug|Any CPU
		{B225FFF9-F5BF-4C58-9F25-75FDB304ECB7}.Release|Any CPU.ActiveCfg = Release|Any CPU
		{B225FFF9-F5BF-4C58-9F25-75FDB304ECB7}.Release|Any CPU.Build.0 = Release|Any CPU
		{F96FE895-FD3B-4EA0-B4B1-5DA85A66D1B3}.Debug|Any CPU.ActiveCfg = Debug|Any CPU
		{F96FE895-FD3B-4EA0-B4B1-5DA85A66D1B3}.Debug|Any CPU.Build.0 = Debug|Any CPU
		{F96FE895-FD3B-4EA0-B4B1-5DA85A66D1B3}.Release|Any CPU.ActiveCfg = Release|Any CPU
		{F96FE895-FD3B-4EA0-B4B1-5DA85A66D1B3}.Release|Any CPU.Build.0 = Release|Any CPU
		{969AD24C-F85C-40BD-91A0-466B01E6C1B4}.Debug|Any CPU.ActiveCfg = Debug|Any CPU
		{969AD24C-F85C-40BD-91A0-466B01E6C1B4}.Debug|Any CPU.Build.0 = Debug|Any CPU
		{969AD24C-F85C-40BD-91A0-466B01E6C1B4}.Release|Any CPU.ActiveCfg = Release|Any CPU
		{969AD24C-F85C-40BD-91A0-466B01E6C1B4}.Release|Any CPU.Build.0 = Release|Any CPU
	EndGlobalSection
	GlobalSection(SolutionProperties) = preSolution
		HideSolutionNode = FALSE
	EndGlobalSection
	GlobalSection(ExtensibilityGlobals) = postSolution
		SolutionGuid = {ABD98545-7E3C-4743-BB64-60D30A3C0638}
	EndGlobalSection
EndGlobal
